
Microsoft Visual Studio Solution File, Format Version 12.00
# Visual Studio 15
VisualStudioVersion = 15.0.28307.438
MinimumVisualStudioVersion = 10.0.40219.1
Project("{FAE04EC0-301F-11D3-BF4B-00C04F79EFBC}") = "WebApiDemo", "WebApiDemo\WebApiDemo.csproj", "{027DDA1A-A0B1-4995-9B59-B0641CB4E9B4}"
EndProject
Global
	GlobalSection(SolutionConfigurationPlatforms) = preSolution
		Debug|Any CPU = Debug|Any CPU
		Release|Any CPU = Release|Any CPU
	EndGlobalSection
	GlobalSection(ProjectConfigurationPlatforms) = postSolution
		{027DDA1A-A0B1-4995-9B59-B0641CB4E9B4}.Debug|Any CPU.ActiveCfg = Debug|Any CPU
		{027DDA1A-A0B1-4995-9B59-B0641CB4E9B4}.Debug|Any CPU.Build.0 = Debug|Any CPU
		{027DDA1A-A0B1-4995-9B59-B0641CB4E9B4}.Release|Any CPU.ActiveCfg = Release|Any CPU
		{027DDA1A-A0B1-4995-9B59-B0641CB4E9B4}.Release|Any CPU.Build.0 = Release|Any CPU
	EndGlobalSection
	GlobalSection(SolutionProperties) = preSolution
		HideSolutionNode = FALSE
	EndGlobalSection
	GlobalSection(ExtensibilityGlobals) = postSolution
		SolutionGuid = {74AFB043-8714-4F79-84D0-4A4B86681AF6}
	EndGlobalSection
EndGlobal
